
Microsoft Visual Studio Solution File, Format Version 11.00
# Visual Studio 2010
Project("{FAE04EC0-301F-11D3-BF4B-00C04F79EFBC}") = "fps-game", "Assembly-CSharp-firstpass.csproj", "{51F656D3-4C7C-BE93-7942-358610FB56E4}"
EndProject
Project("{FAE04EC0-301F-11D3-BF4B-00C04F79EFBC}") = "fps-game", "Assembly-CSharp.csproj", "{43C013D6-070D-2B37-0C33-AA1771A9DBED}"
EndProject
Project("{FAE04EC0-301F-11D3-BF4B-00C04F79EFBC}") = "fps-game", "Assembly-CSharp-Editor-firstpass.csproj", "{12024FD5-C65D-E221-E2AD-E9E600E5343F}"
EndProject
Global
	GlobalSection(SolutionConfigurationPlatforms) = preSolution
		Debug|Any CPU = Debug|Any CPU
		Release|Any CPU = Release|Any CPU
	EndGlobalSection
	GlobalSection(ProjectConfigurationPlatforms) = postSolution
		{51F656D3-4C7C-BE93-7942-358610FB56E4}.Debug|Any CPU.ActiveCfg = Debug|Any CPU
		{51F656D3-4C7C-BE93-7942-358610FB56E4}.Debug|Any CPU.Build.0 = Debug|Any CPU
		{51F656D3-4C7C-BE93-7942-358610FB56E4}.Release|Any CPU.ActiveCfg = Release|Any CPU
		{51F656D3-4C7C-BE93-7942-358610FB56E4}.Release|Any CPU.Build.0 = Release|Any CPU
		{43C013D6-070D-2B37-0C33-AA1771A9DBED}.Debug|Any CPU.ActiveCfg = Debug|Any CPU
		{43C013D6-070D-2B37-0C33-AA1771A9DBED}.Debug|Any CPU.Build.0 = Debug|Any CPU
		{43C013D6-070D-2B37-0C33-AA1771A9DBED}.Release|Any CPU.ActiveCfg = Release|Any CPU
		{43C013D6-070D-2B37-0C33-AA1771A9DBED}.Release|Any CPU.Build.0 = Release|Any CPU
		{12024FD5-C65D-E221-E2AD-E9E600E5343F}.Debug|Any CPU.ActiveCfg = Debug|Any CPU
		{12024FD5-C65D-E221-E2AD-E9E600E5343F}.Debug|Any CPU.Build.0 = Debug|Any CPU
		{12024FD5-C65D-E221-E2AD-E9E600E5343F}.Release|Any CPU.ActiveCfg = Release|Any CPU
		{12024FD5-C65D-E221-E2AD-E9E600E5343F}.Release|Any CPU.Build.0 = Release|Any CPU
	EndGlobalSection
	GlobalSection(SolutionProperties) = preSolution
		HideSolutionNode = FALSE
	EndGlobalSection
	GlobalSection(MonoDevelopProperties) = preSolution
		StartupItem = Assembly-CSharp.csproj
	EndGlobalSection
EndGlobal
